
Microsoft Visual Studio Solution File, Format Version 12.00
# Visual Studio Version 17
VisualStudioVersion = 17.11.35303.130
MinimumVisualStudioVersion = 10.0.40219.1
Project("{FAE04EC0-301F-11D3-BF4B-00C04F79EFBC}") = "TraversalCoreProject", "TraversalCoreProject\TraversalCoreProject.csproj", "{EDCF6FF0-0247-4F41-AD78-EF168C70FE72}"
EndProject
Global
	GlobalSection(SolutionConfigurationPlatforms) = preSolution
		Debug|Any CPU = Debug|Any CPU
		Release|Any CPU = Release|Any CPU
	EndGlobalSection
	GlobalSection(ProjectConfigurationPlatforms) = postSolution
		{EDCF6FF0-0247-4F41-AD78-EF168C70FE72}.Debug|Any CPU.ActiveCfg = Debug|Any CPU
		{EDCF6FF0-0247-4F41-AD78-EF168C70FE72}.Debug|Any CPU.Build.0 = Debug|Any CPU
		{EDCF6FF0-0247-4F41-AD78-EF168C70FE72}.Release|Any CPU.ActiveCfg = Release|Any CPU
		{EDCF6FF0-0247-4F41-AD78-EF168C70FE72}.Release|Any CPU.Build.0 = Release|Any CPU
	EndGlobalSection
	GlobalSection(SolutionProperties) = preSolution
		HideSolutionNode = FALSE
	EndGlobalSection
	GlobalSection(ExtensibilityGlobals) = postSolution
		SolutionGuid = {2BB1D9AB-E1BA-4AAE-B766-776890229F7A}
	EndGlobalSection
EndGlobal
